// !$*UTF8*$!
{
	archiveVersion = 1;
	classes = {
	};
	objectVersion = 77;
	objects = {

/* Begin PBXContainerItemProxy section */
		A551C56D2CFDC8C200DD79A3 /* PBXContainerItemProxy */ = {
			isa = PBXContainerItemProxy;
			containerPortal = A5E3AAAF2CFDA4F700AF44EF /* Project object */;
			proxyType = 1;
			remoteGlobalIDString = A5E3AAB62CFDA4F700AF44EF;
			remoteInfo = RememberMeApp;
		};
		A551C57A2CFDC95A00DD79A3 /* PBXContainerItemProxy */ = {
			isa = PBXContainerItemProxy;
			containerPortal = A5E3AAAF2CFDA4F700AF44EF /* Project object */;
			proxyType = 1;
			remoteGlobalIDString = A5E3AAB62CFDA4F700AF44EF;
			remoteInfo = RememberMeApp;
		};
		A551C5872CFDC9CD00DD79A3 /* PBXContainerItemProxy */ = {
			isa = PBXContainerItemProxy;
			containerPortal = A5E3AAAF2CFDA4F700AF44EF /* Project object */;
			proxyType = 1;
			remoteGlobalIDString = A5E3AAB62CFDA4F700AF44EF;
			remoteInfo = RememberMeApp;
		};
/* End PBXContainerItemProxy section */

/* Begin PBXFileReference section */
		A551C5692CFDC8C200DD79A3 /* RememberMeAppUITests.xctest */ = {isa = PBXFileReference; explicitFileType = wrapper.cfbundle; includeInIndex = 0; path = RememberMeAppUITests.xctest; sourceTree = BUILT_PRODUCTS_DIR; };
		A551C5762CFDC95A00DD79A3 /* RememberMeAppTests.xctest */ = {isa = PBXFileReference; explicitFileType = wrapper.cfbundle; includeInIndex = 0; path = RememberMeAppTests.xctest; sourceTree = BUILT_PRODUCTS_DIR; };
		A551C5832CFDC9CC00DD79A3 /* RememberMeAppTesting.xctest */ = {isa = PBXFileReference; explicitFileType = wrapper.cfbundle; includeInIndex = 0; path = RememberMeAppTesting.xctest; sourceTree = BUILT_PRODUCTS_DIR; };
		A551C58C2CFDCFFF00DD79A3 /* RememberMeApp.xctestplan */ = {isa = PBXFileReference; lastKnownFileType = text; path = RememberMeApp.xctestplan; sourceTree = "<group>"; };
		A5E3AAB72CFDA4F700AF44EF /* RememberMeApp.app */ = {isa = PBXFileReference; explicitFileType = wrapper.application; includeInIndex = 0; path = RememberMeApp.app; sourceTree = BUILT_PRODUCTS_DIR; };
/* End PBXFileReference section */

/* Begin PBXFileSystemSynchronizedRootGroup section */
		A551C5842CFDC9CD00DD79A3 /* RememberMeAppTesting */ = {
			isa = PBXFileSystemSynchronizedRootGroup;
			path = RememberMeAppTesting;
			sourceTree = "<group>";
		};
		A5E3AAB92CFDA4F700AF44EF /* RememberMeApp */ = {
			isa = PBXFileSystemSynchronizedRootGroup;
			path = RememberMeApp;
			sourceTree = "<group>";
		};
/* End PBXFileSystemSynchronizedRootGroup section */

/* Begin PBXFrameworksBuildPhase section */
		A551C5662CFDC8C200DD79A3 /* Frameworks */ = {
			isa = PBXFrameworksBuildPhase;
			buildActionMask = 2147483647;
			files = (
			);
			runOnlyForDeploymentPostprocessing = 0;
		};
		A551C5732CFDC95A00DD79A3 /* Frameworks */ = {
			isa = PBXFrameworksBuildPhase;
			buildActionMask = 2147483647;
			files = (
			);
			runOnlyForDeploymentPostprocessing = 0;
		};
		A551C5802CFDC9CC00DD79A3 /* Frameworks */ = {
			isa = PBXFrameworksBuildPhase;
			buildActionMask = 2147483647;
			files = (
			);
			runOnlyForDeploymentPostprocessing = 0;
		};
		A5E3AAB42CFDA4F700AF44EF /* Frameworks */ = {
			isa = PBXFrameworksBuildPhase;
			buildActionMask = 2147483647;
			files = (
			);
			runOnlyForDeploymentPostprocessing = 0;
		};
/* End PBXFrameworksBuildPhase section */

/* Begin PBXGroup section */
		A5E3AAAE2CFDA4F700AF44EF = {
			isa = PBXGroup;
			children = (
				A551C58C2CFDCFFF00DD79A3 /* RememberMeApp.xctestplan */,
				A5E3AAB92CFDA4F700AF44EF /* RememberMeApp */,
				A551C5842CFDC9CD00DD79A3 /* RememberMeAppTesting */,
				A5E3AAB82CFDA4F700AF44EF /* Products */,
			);
			sourceTree = "<group>";
		};
		A5E3AAB82CFDA4F700AF44EF /* Products */ = {
			isa = PBXGroup;
			children = (
				A5E3AAB72CFDA4F700AF44EF /* RememberMeApp.app */,
				A551C5692CFDC8C200DD79A3 /* RememberMeAppUITests.xctest */,
				A551C5762CFDC95A00DD79A3 /* RememberMeAppTests.xctest */,
				A551C5832CFDC9CC00DD79A3 /* RememberMeAppTesting.xctest */,
			);
			name = Products;
			sourceTree = "<group>";
		};
/* End PBXGroup section */

/* Begin PBXNativeTarget section */
		A551C5682CFDC8C200DD79A3 /* RememberMeAppUITests */ = {
			isa = PBXNativeTarget;
			buildConfigurationList = A551C56F2CFDC8C200DD79A3 /* Build configuration list for PBXNativeTarget "RememberMeAppUITests" */;
			buildPhases = (
				A551C5652CFDC8C200DD79A3 /* Sources */,
				A551C5662CFDC8C200DD79A3 /* Frameworks */,
				A551C5672CFDC8C200DD79A3 /* Resources */,
			);
			buildRules = (
			);
			dependencies = (
				A551C56E2CFDC8C200DD79A3 /* PBXTargetDependency */,
			);
			name = RememberMeAppUITests;
			packageProductDependencies = (
			);
			productName = RememberMeAppUITests;
			productReference = A551C5692CFDC8C200DD79A3 /* RememberMeAppUITests.xctest */;
			productType = "com.apple.product-type.bundle.unit-test";
		};
		A551C5752CFDC95A00DD79A3 /* RememberMeAppTests */ = {
			isa = PBXNativeTarget;
			buildConfigurationList = A551C57C2CFDC95A00DD79A3 /* Build configuration list for PBXNativeTarget "RememberMeAppTests" */;
			buildPhases = (
				A551C5722CFDC95A00DD79A3 /* Sources */,
				A551C5732CFDC95A00DD79A3 /* Frameworks */,
				A551C5742CFDC95A00DD79A3 /* Resources */,
			);
			buildRules = (
			);
			dependencies = (
				A551C57B2CFDC95A00DD79A3 /* PBXTargetDependency */,
			);
			name = RememberMeAppTests;
			packageProductDependencies = (
			);
			productName = RememberMeAppTests;
			productReference = A551C5762CFDC95A00DD79A3 /* RememberMeAppTests.xctest */;
			productType = "com.apple.product-type.bundle.unit-test";
		};
		A551C5822CFDC9CC00DD79A3 /* RememberMeAppTesting */ = {
			isa = PBXNativeTarget;
			buildConfigurationList = A551C5892CFDC9CD00DD79A3 /* Build configuration list for PBXNativeTarget "RememberMeAppTesting" */;
			buildPhases = (
				A551C57F2CFDC9CC00DD79A3 /* Sources */,
				A551C5802CFDC9CC00DD79A3 /* Frameworks */,
				A551C5812CFDC9CC00DD79A3 /* Resources */,
			);
			buildRules = (
			);
			dependencies = (
				A551C5882CFDC9CD00DD79A3 /* PBXTargetDependency */,
			);
			fileSystemSynchronizedGroups = (
				A551C5842CFDC9CD00DD79A3 /* RememberMeAppTesting */,
			);
			name = RememberMeAppTesting;
			packageProductDependencies = (
			);
			productName = RememberMeAppTesting;
			productReference = A551C5832CFDC9CC00DD79A3 /* RememberMeAppTesting.xctest */;
			productType = "com.apple.product-type.bundle.unit-test";
		};
		A5E3AAB62CFDA4F700AF44EF /* RememberMeApp */ = {
			isa = PBXNativeTarget;
			buildConfigurationList = A5E3AAC52CFDA4F900AF44EF /* Build configuration list for PBXNativeTarget "RememberMeApp" */;
			buildPhases = (
				A5E3AAB32CFDA4F700AF44EF /* Sources */,
				A5E3AAB42CFDA4F700AF44EF /* Frameworks */,
				A5E3AAB52CFDA4F700AF44EF /* Resources */,
			);
			buildRules = (
			);
			dependencies = (
			);
			fileSystemSynchronizedGroups = (
				A5E3AAB92CFDA4F700AF44EF /* RememberMeApp */,
			);
			name = RememberMeApp;
			packageProductDependencies = (
			);
			productName = RememberMeApp;
			productReference = A5E3AAB72CFDA4F700AF44EF /* RememberMeApp.app */;
			productType = "com.apple.product-type.application";
		};
/* End PBXNativeTarget section */

/* Begin PBXProject section */
		A5E3AAAF2CFDA4F700AF44EF /* Project object */ = {
			isa = PBXProject;
			attributes = {
				BuildIndependentTargetsInParallel = 1;
				LastSwiftUpdateCheck = 1610;
				LastUpgradeCheck = 1610;
				TargetAttributes = {
					A551C5682CFDC8C200DD79A3 = {
						CreatedOnToolsVersion = 16.1;
						TestTargetID = A5E3AAB62CFDA4F700AF44EF;
					};
					A551C5752CFDC95A00DD79A3 = {
						CreatedOnToolsVersion = 16.1;
						TestTargetID = A5E3AAB62CFDA4F700AF44EF;
					};
					A551C5822CFDC9CC00DD79A3 = {
						CreatedOnToolsVersion = 16.1;
						TestTargetID = A5E3AAB62CFDA4F700AF44EF;
					};
					A5E3AAB62CFDA4F700AF44EF = {
						CreatedOnToolsVersion = 16.1;
					};
				};
			};
			buildConfigurationList = A5E3AAB22CFDA4F700AF44EF /* Build configuration list for PBXProject "RememberMeApp" */;
			developmentRegion = en;
			hasScannedForEncodings = 0;
			knownRegions = (
				en,
				Base,
			);
			mainGroup = A5E3AAAE2CFDA4F700AF44EF;
			minimizedProjectReferenceProxies = 1;
			preferredProjectObjectVersion = 77;
			productRefGroup = A5E3AAB82CFDA4F700AF44EF /* Products */;
			projectDirPath = "";
			projectRoot = "";
			targets = (
				A5E3AAB62CFDA4F700AF44EF /* RememberMeApp */,
				A551C5682CFDC8C200DD79A3 /* RememberMeAppUITests */,
				A551C5752CFDC95A00DD79A3 /* RememberMeAppTests */,
				A551C5822CFDC9CC00DD79A3 /* RememberMeAppTesting */,
			);
		};
/* End PBXProject section */

/* Begin PBXResourcesBuildPhase section */
		A551C5672CFDC8C200DD79A3 /* Resources */ = {
			isa = PBXResourcesBuildPhase;
			buildActionMask = 2147483647;
			files = (
			);
			runOnlyForDeploymentPostprocessing = 0;
		};
		A551C5742CFDC95A00DD79A3 /* Resources */ = {
			isa = PBXResourcesBuildPhase;
			buildActionMask = 2147483647;
			files = (
			);
			runOnlyForDeploymentPostprocessing = 0;
		};
		A551C5812CFDC9CC00DD79A3 /* Resources */ = {
			isa = PBXResourcesBuildPhase;
			buildActionMask = 2147483647;
			files = (
			);
			runOnlyForDeploymentPostprocessing = 0;
		};
		A5E3AAB52CFDA4F700AF44EF /* Resources */ = {
			isa = PBXResourcesBuildPhase;
			buildActionMask = 2147483647;
			files = (
			);
			runOnlyForDeploymentPostprocessing = 0;
		};
/* End PBXResourcesBuildPhase section */

/* Begin PBXSourcesBuildPhase section */
		A551C5652CFDC8C200DD79A3 /* Sources */ = {
			isa = PBXSourcesBuildPhase;
			buildActionMask = 2147483647;
			files = (
			);
			runOnlyForDeploymentPostprocessing = 0;
		};
		A551C5722CFDC95A00DD79A3 /* Sources */ = {
			isa = PBXSourcesBuildPhase;
			buildActionMask = 2147483647;
			files = (
			);
			runOnlyForDeploymentPostprocessing = 0;
		};
		A551C57F2CFDC9CC00DD79A3 /* Sources */ = {
			isa = PBXSourcesBuildPhase;
			buildActionMask = 2147483647;
			files = (
			);
			runOnlyForDeploymentPostprocessing = 0;
		};
		A5E3AAB32CFDA4F700AF44EF /* Sources */ = {
			isa = PBXSourcesBuildPhase;
			buildActionMask = 2147483647;
			files = (
			);
			runOnlyForDeploymentPostprocessing = 0;
		};
/* End PBXSourcesBuildPhase section */

/* Begin PBXTargetDependency section */
		A551C56E2CFDC8C200DD79A3 /* PBXTargetDependency */ = {
			isa = PBXTargetDependency;
			target = A5E3AAB62CFDA4F700AF44EF /* RememberMeApp */;
			targetProxy = A551C56D2CFDC8C200DD79A3 /* PBXContainerItemProxy */;
		};
		A551C57B2CFDC95A00DD79A3 /* PBXTargetDependency */ = {
			isa = PBXTargetDependency;
			target = A5E3AAB62CFDA4F700AF44EF /* RememberMeApp */;
			targetProxy = A551C57A2CFDC95A00DD79A3 /* PBXContainerItemProxy */;
		};
		A551C5882CFDC9CD00DD79A3 /* PBXTargetDependency */ = {
			isa = PBXTargetDependency;
			target = A5E3AAB62CFDA4F700AF44EF /* RememberMeApp */;
			targetProxy = A551C5872CFDC9CD00DD79A3 /* PBXContainerItemProxy */;
		};
/* End PBXTargetDependency section */

/* Begin XCBuildConfiguration section */
		A551C5702CFDC8C200DD79A3 /* Debug */ = {
			isa = XCBuildConfiguration;
			buildSettings = {
				BUNDLE_LOADER = "$(TEST_HOST)";
				CODE_SIGN_STYLE = Automatic;
				CURRENT_PROJECT_VERSION = 1;
				DEVELOPMENT_TEAM = JYTXN6A6WV;
				GENERATE_INFOPLIST_FILE = YES;
				MARKETING_VERSION = 1.0;
				PRODUCT_BUNDLE_IDENTIFIER = daniilvash.RememberMeAppUITests;
				PRODUCT_NAME = "$(TARGET_NAME)";
				SWIFT_EMIT_LOC_STRINGS = NO;
				SWIFT_VERSION = 5.0;
				TARGETED_DEVICE_FAMILY = "1,2";
				TEST_HOST = "$(BUILT_PRODUCTS_DIR)/RememberMeApp.app/$(BUNDLE_EXECUTABLE_FOLDER_PATH)/RememberMeApp";
			};
			name = Debug;
		};
		A551C5712CFDC8C200DD79A3 /* Release */ = {
			isa = XCBuildConfiguration;
			buildSettings = {
				BUNDLE_LOADER = "$(TEST_HOST)";
				CODE_SIGN_STYLE = Automatic;
				CURRENT_PROJECT_VERSION = 1;
				DEVELOPMENT_TEAM = JYTXN6A6WV;
				GENERATE_INFOPLIST_FILE = YES;
				MARKETING_VERSION = 1.0;
				PRODUCT_BUNDLE_IDENTIFIER = daniilvash.RememberMeAppUITests;
				PRODUCT_NAME = "$(TARGET_NAME)";
				SWIFT_EMIT_LOC_STRINGS = NO;
				SWIFT_VERSION = 5.0;
				TARGETED_DEVICE_FAMILY = "1,2";
				TEST_HOST = "$(BUILT_PRODUCTS_DIR)/RememberMeApp.app/$(BUNDLE_EXECUTABLE_FOLDER_PATH)/RememberMeApp";
			};
			name = Release;
		};
		A551C57D2CFDC95A00DD79A3 /* Debug */ = {
			isa = XCBuildConfiguration;
			buildSettings = {
				BUNDLE_LOADER = "$(TEST_HOST)";
				CODE_SIGN_STYLE = Automatic;
				CURRENT_PROJECT_VERSION = 1;
				DEVELOPMENT_TEAM = JYTXN6A6WV;
				GENERATE_INFOPLIST_FILE = YES;
				MARKETING_VERSION = 1.0;
				PRODUCT_BUNDLE_IDENTIFIER = daniilvash.RememberMeAppTests;
				PRODUCT_NAME = "$(TARGET_NAME)";
				SWIFT_EMIT_LOC_STRINGS = NO;
				SWIFT_VERSION = 5.0;
				TARGETED_DEVICE_FAMILY = "1,2";
				TEST_HOST = "$(BUILT_PRODUCTS_DIR)/RememberMeApp.app/$(BUNDLE_EXECUTABLE_FOLDER_PATH)/RememberMeApp";
			};
			name = Debug;
		};
		A551C57E2CFDC95A00DD79A3 /* Release */ = {
			isa = XCBuildConfiguration;
			buildSettings = {
				BUNDLE_LOADER = "$(TEST_HOST)";
				CODE_SIGN_STYLE = Automatic;
				CURRENT_PROJECT_VERSION = 1;
				DEVELOPMENT_TEAM = JYTXN6A6WV;
				GENERATE_INFOPLIST_FILE = YES;
				MARKETING_VERSION = 1.0;
				PRODUCT_BUNDLE_IDENTIFIER = daniilvash.RememberMeAppTests;
				PRODUCT_NAME = "$(TARGET_NAME)";
				SWIFT_EMIT_LOC_STRINGS = NO;
				SWIFT_VERSION = 5.0;
				TARGETED_DEVICE_FAMILY = "1,2";
				TEST_HOST = "$(BUILT_PRODUCTS_DIR)/RememberMeApp.app/$(BUNDLE_EXECUTABLE_FOLDER_PATH)/RememberMeApp";
			};
			name = Release;
		};
		A551C58A2CFDC9CD00DD79A3 /* Debug */ = {
			isa = XCBuildConfiguration;
			buildSettings = {
				BUNDLE_LOADER = "$(TEST_HOST)";
				CODE_SIGN_STYLE = Automatic;
				CURRENT_PROJECT_VERSION = 1;
				DEVELOPMENT_TEAM = JYTXN6A6WV;
				GENERATE_INFOPLIST_FILE = YES;
				IPHONEOS_DEPLOYMENT_TARGET = 17.6;
				MARKETING_VERSION = 1.0;
				PRODUCT_BUNDLE_IDENTIFIER = daniilvash.RememberMeAppTesting;
				PRODUCT_NAME = "$(TARGET_NAME)";
				SUPPORTED_PLATFORMS = "iphoneos iphonesimulator";
				SUPPORTS_MACCATALYST = NO;
				SUPPORTS_MAC_DESIGNED_FOR_IPHONE_IPAD = NO;
				SUPPORTS_XR_DESIGNED_FOR_IPHONE_IPAD = NO;
				SWIFT_EMIT_LOC_STRINGS = NO;
				SWIFT_VERSION = 5.0;
				TARGETED_DEVICE_FAMILY = 1;
				TEST_HOST = "$(BUILT_PRODUCTS_DIR)/RememberMeApp.app/$(BUNDLE_EXECUTABLE_FOLDER_PATH)/RememberMeApp";
			};
			name = Debug;
		};
		A551C58B2CFDC9CD00DD79A3 /* Release */ = {
			isa = XCBuildConfiguration;
			buildSettings = {
				BUNDLE_LOADER = "$(TEST_HOST)";
				CODE_SIGN_STYLE = Automatic;
				CURRENT_PROJECT_VERSION = 1;
				DEVELOPMENT_TEAM = JYTXN6A6WV;
				GENERATE_INFOPLIST_FILE = YES;
				IPHONEOS_DEPLOYMENT_TARGET = 17.6;
				MARKETING_VERSION = 1.0;
				PRODUCT_BUNDLE_IDENTIFIER = daniilvash.RememberMeAppTesting;
				PRODUCT_NAME = "$(TARGET_NAME)";
				SUPPORTED_PLATFORMS = "iphoneos iphonesimulator";
				SUPPORTS_MACCATALYST = NO;
				SUPPORTS_MAC_DESIGNED_FOR_IPHONE_IPAD = NO;
				SUPPORTS_XR_DESIGNED_FOR_IPHONE_IPAD = NO;
				SWIFT_EMIT_LOC_STRINGS = NO;
				SWIFT_VERSION = 5.0;
				TARGETED_DEVICE_FAMILY = 1;
				TEST_HOST = "$(BUILT_PRODUCTS_DIR)/RememberMeApp.app/$(BUNDLE_EXECUTABLE_FOLDER_PATH)/RememberMeApp";
			};
			name = Release;
		};
		A5E3AAC32CFDA4F900AF44EF /* Debug */ = {
			isa = XCBuildConfiguration;
			buildSettings = {
				ALWAYS_SEARCH_USER_PATHS = NO;
				ASSETCATALOG_COMPILER_GENERATE_SWIFT_ASSET_SYMBOL_EXTENSIONS = YES;
				CLANG_ANALYZER_NONNULL = YES;
				CLANG_ANALYZER_NUMBER_OBJECT_CONVERSION = YES_AGGRESSIVE;
				CLANG_CXX_LANGUAGE_STANDARD = "gnu++20";
				CLANG_ENABLE_MODULES = YES;
				CLANG_ENABLE_OBJC_ARC = YES;
				CLANG_ENABLE_OBJC_WEAK = YES;
				CLANG_WARN_BLOCK_CAPTURE_AUTORELEASING = YES;
				CLANG_WARN_BOOL_CONVERSION = YES;
				CLANG_WARN_COMMA = YES;
				CLANG_WARN_CONSTANT_CONVERSION = YES;
				CLANG_WARN_DEPRECATED_OBJC_IMPLEMENTATIONS = YES;
				CLANG_WARN_DIRECT_OBJC_ISA_USAGE = YES_ERROR;
				CLANG_WARN_DOCUMENTATION_COMMENTS = YES;
				CLANG_WARN_EMPTY_BODY = YES;
				CLANG_WARN_ENUM_CONVERSION = YES;
				CLANG_WARN_INFINITE_RECURSION = YES;
				CLANG_WARN_INT_CONVERSION = YES;
				CLANG_WARN_NON_LITERAL_NULL_CONVERSION = YES;
				CLANG_WARN_OBJC_IMPLICIT_RETAIN_SELF = YES;
				CLANG_WARN_OBJC_LITERAL_CONVERSION = YES;
				CLANG_WARN_OBJC_ROOT_CLASS = YES_ERROR;
				CLANG_WARN_QUOTED_INCLUDE_IN_FRAMEWORK_HEADER = YES;
				CLANG_WARN_RANGE_LOOP_ANALYSIS = YES;
				CLANG_WARN_STRICT_PROTOTYPES = YES;
				CLANG_WARN_SUSPICIOUS_MOVE = YES;
				CLANG_WARN_UNGUARDED_AVAILABILITY = YES_AGGRESSIVE;
				CLANG_WARN_UNREACHABLE_CODE = YES;
				CLANG_WARN__DUPLICATE_METHOD_MATCH = YES;
				COPY_PHASE_STRIP = NO;
				DEBUG_INFORMATION_FORMAT = dwarf;
				ENABLE_STRICT_OBJC_MSGSEND = YES;
				ENABLE_TESTABILITY = YES;
				ENABLE_USER_SCRIPT_SANDBOXING = YES;
				GCC_C_LANGUAGE_STANDARD = gnu17;
				GCC_DYNAMIC_NO_PIC = NO;
				GCC_NO_COMMON_BLOCKS = YES;
				GCC_OPTIMIZATION_LEVEL = 0;
				GCC_PREPROCESSOR_DEFINITIONS = (
					"DEBUG=1",
					"$(inherited)",
				);
				GCC_WARN_64_TO_32_BIT_CONVERSION = YES;
				GCC_WARN_ABOUT_RETURN_TYPE = YES_ERROR;
				GCC_WARN_UNDECLARED_SELECTOR = YES;
				GCC_WARN_UNINITIALIZED_AUTOS = YES_AGGRESSIVE;
				GCC_WARN_UNUSED_FUNCTION = YES;
				GCC_WARN_UNUSED_VARIABLE = YES;
				IPHONEOS_DEPLOYMENT_TARGET = 18.1;
				LOCALIZATION_PREFERS_STRING_CATALOGS = YES;
				MTL_ENABLE_DEBUG_INFO = INCLUDE_SOURCE;
				MTL_FAST_MATH = YES;
				ONLY_ACTIVE_ARCH = YES;
				SDKROOT = iphoneos;
				SWIFT_ACTIVE_COMPILATION_CONDITIONS = "DEBUG $(inherited)";
				SWIFT_OPTIMIZATION_LEVEL = "-Onone";
			};
			name = Debug;
		};
		A5E3AAC42CFDA4F900AF44EF /* Release */ = {
			isa = XCBuildConfiguration;
			buildSettings = {
				ALWAYS_SEARCH_USER_PATHS = NO;
				ASSETCATALOG_COMPILER_GENERATE_SWIFT_ASSET_SYMBOL_EXTENSIONS = YES;
				CLANG_ANALYZER_NONNULL = YES;
				CLANG_ANALYZER_NUMBER_OBJECT_CONVERSION = YES_AGGRESSIVE;
				CLANG_CXX_LANGUAGE_STANDARD = "gnu++20";
				CLANG_ENABLE_MODULES = YES;
				CLANG_ENABLE_OBJC_ARC = YES;
				CLANG_ENABLE_OBJC_WEAK = YES;
				CLANG_WARN_BLOCK_CAPTURE_AUTORELEASING = YES;
				CLANG_WARN_BOOL_CONVERSION = YES;
				CLANG_WARN_COMMA = YES;
				CLANG_WARN_CONSTANT_CONVERSION = YES;
				CLANG_WARN_DEPRECATED_OBJC_IMPLEMENTATIONS = YES;
				CLANG_WARN_DIRECT_OBJC_ISA_USAGE = YES_ERROR;
				CLANG_WARN_DOCUMENTATION_COMMENTS = YES;
				CLANG_WARN_EMPTY_BODY = YES;
				CLANG_WARN_ENUM_CONVERSION = YES;
				CLANG_WARN_INFINITE_RECURSION = YES;
				CLANG_WARN_INT_CONVERSION = YES;
				CLANG_WARN_NON_LITERAL_NULL_CONVERSION = YES;
				CLANG_WARN_OBJC_IMPLICIT_RETAIN_SELF = YES;
				CLANG_WARN_OBJC_LITERAL_CONVERSION = YES;
				CLANG_WARN_OBJC_ROOT_CLASS = YES_ERROR;
				CLANG_WARN_QUOTED_INCLUDE_IN_FRAMEWORK_HEADER = YES;
				CLANG_WARN_RANGE_LOOP_ANALYSIS = YES;
				CLANG_WARN_STRICT_PROTOTYPES = YES;
				CLANG_WARN_SUSPICIOUS_MOVE = YES;
				CLANG_WARN_UNGUARDED_AVAILABILITY = YES_AGGRESSIVE;
				CLANG_WARN_UNREACHABLE_CODE = YES;
				CLANG_WARN__DUPLICATE_METHOD_MATCH = YES;
				COPY_PHASE_STRIP = NO;
				DEBUG_INFORMATION_FORMAT = "dwarf-with-dsym";
				ENABLE_NS_ASSERTIONS = NO;
				ENABLE_STRICT_OBJC_MSGSEND = YES;
				ENABLE_USER_SCRIPT_SANDBOXING = YES;
				GCC_C_LANGUAGE_STANDARD = gnu17;
				GCC_NO_COMMON_BLOCKS = YES;
				GCC_WARN_64_TO_32_BIT_CONVERSION = YES;
				GCC_WARN_ABOUT_RETURN_TYPE = YES_ERROR;
				GCC_WARN_UNDECLARED_SELECTOR = YES;
				GCC_WARN_UNINITIALIZED_AUTOS = YES_AGGRESSIVE;
				GCC_WARN_UNUSED_FUNCTION = YES;
				GCC_WARN_UNUSED_VARIABLE = YES;
				IPHONEOS_DEPLOYMENT_TARGET = 18.1;
				LOCALIZATION_PREFERS_STRING_CATALOGS = YES;
				MTL_ENABLE_DEBUG_INFO = NO;
				MTL_FAST_MATH = YES;
				SDKROOT = iphoneos;
				SWIFT_COMPILATION_MODE = wholemodule;
				VALIDATE_PRODUCT = YES;
			};
			name = Release;
		};
		A5E3AAC62CFDA4F900AF44EF /* Debug */ = {
			isa = XCBuildConfiguration;
			buildSettings = {
				ASSETCATALOG_COMPILER_APPICON_NAME = AppIcon;
				ASSETCATALOG_COMPILER_GLOBAL_ACCENT_COLOR_NAME = AccentColor;
				CODE_SIGN_STYLE = Automatic;
				CURRENT_PROJECT_VERSION = 1;
				DEVELOPMENT_ASSET_PATHS = "\"RememberMeApp/Other/Preview Content\"";
				DEVELOPMENT_TEAM = JYTXN6A6WV;
				ENABLE_PREVIEWS = YES;
				GENERATE_INFOPLIST_FILE = YES;
				INFOPLIST_KEY_CFBundleDisplayName = RememberMe;
				INFOPLIST_KEY_LSApplicationCategoryType = "public.app-category.education";
				INFOPLIST_KEY_UIApplicationSceneManifest_Generation = YES;
				INFOPLIST_KEY_UIApplicationSupportsIndirectInputEvents = YES;
				INFOPLIST_KEY_UILaunchScreen_Generation = YES;
				INFOPLIST_KEY_UILaunchStoryboardName = "";
				INFOPLIST_KEY_UISupportedInterfaceOrientations = UIInterfaceOrientationPortrait;
				INFOPLIST_KEY_UISupportedInterfaceOrientations_iPad = "UIInterfaceOrientationLandscapeLeft UIInterfaceOrientationLandscapeRight UIInterfaceOrientationPortrait UIInterfaceOrientationPortraitUpsideDown";
				IPHONEOS_DEPLOYMENT_TARGET = 17.6;
				LD_RUNPATH_SEARCH_PATHS = (
					"$(inherited)",
					"@executable_path/Frameworks",
				);
				MARKETING_VERSION = 1.0;
				PRODUCT_BUNDLE_IDENTIFIER = daniilvash.RememberMeApp;
				PRODUCT_NAME = "$(TARGET_NAME)";
				SUPPORTED_PLATFORMS = "iphoneos iphonesimulator";
				SUPPORTS_MACCATALYST = NO;
				SUPPORTS_MAC_DESIGNED_FOR_IPHONE_IPAD = NO;
				SUPPORTS_XR_DESIGNED_FOR_IPHONE_IPAD = NO;
				SWIFT_EMIT_LOC_STRINGS = YES;
				SWIFT_VERSION = 5.0;
				TARGETED_DEVICE_FAMILY = 1;
			};
			name = Debug;
		};
		A5E3AAC72CFDA4F900AF44EF /* Release */ = {
			isa = XCBuildConfiguration;
			buildSettings = {
				ASSETCATALOG_COMPILER_APPICON_NAME = AppIcon;
				ASSETCATALOG_COMPILER_GLOBAL_ACCENT_COLOR_NAME = AccentColor;
				CODE_SIGN_STYLE = Automatic;
				CURRENT_PROJECT_VERSION = 1;
				DEVELOPMENT_ASSET_PATHS = "\"RememberMeApp/Other/Preview Content\"";
				DEVELOPMENT_TEAM = JYTXN6A6WV;
				ENABLE_PREVIEWS = YES;
				GENERATE_INFOPLIST_FILE = YES;
				INFOPLIST_KEY_CFBundleDisplayName = RememberMe;
				INFOPLIST_KEY_LSApplicationCategoryType = "public.app-category.education";
				INFOPLIST_KEY_UIApplicationSceneManifest_Generation = YES;
				INFOPLIST_KEY_UIApplicationSupportsIndirectInputEvents = YES;
				INFOPLIST_KEY_UILaunchScreen_Generation = YES;
				INFOPLIST_KEY_UILaunchStoryboardName = "";
				INFOPLIST_KEY_UISupportedInterfaceOrientations = UIInterfaceOrientationPortrait;
				INFOPLIST_KEY_UISupportedInterfaceOrientations_iPad = "UIInterfaceOrientationLandscapeLeft UIInterfaceOrientationLandscapeRight UIInterfaceOrientationPortrait UIInterfaceOrientationPortraitUpsideDown";
				IPHONEOS_DEPLOYMENT_TARGET = 17.6;
				LD_RUNPATH_SEARCH_PATHS = (
					"$(inherited)",
					"@executable_path/Frameworks",
				);
				MARKETING_VERSION = 1.0;
				PRODUCT_BUNDLE_IDENTIFIER = daniilvash.RememberMeApp;
				PRODUCT_NAME = "$(TARGET_NAME)";
				SUPPORTED_PLATFORMS = "iphoneos iphonesimulator";
				SUPPORTS_MACCATALYST = NO;
				SUPPORTS_MAC_DESIGNED_FOR_IPHONE_IPAD = NO;
				SUPPORTS_XR_DESIGNED_FOR_IPHONE_IPAD = NO;
				SWIFT_EMIT_LOC_STRINGS = YES;
				SWIFT_VERSION = 5.0;
				TARGETED_DEVICE_FAMILY = 1;
			};
			name = Release;
		};
/* End XCBuildConfiguration section */

/* Begin XCConfigurationList section */
		A551C56F2CFDC8C200DD79A3 /* Build configuration list for PBXNativeTarget "RememberMeAppUITests" */ = {
			isa = XCConfigurationList;
			buildConfigurations = (
				A551C5702CFDC8C200DD79A3 /* Debug */,
				A551C5712CFDC8C200DD79A3 /* Release */,
			);
			defaultConfigurationIsVisible = 0;
			defaultConfigurationName = Release;
		};
		A551C57C2CFDC95A00DD79A3 /* Build configuration list for PBXNativeTarget "RememberMeAppTests" */ = {
			isa = XCConfigurationList;
			buildConfigurations = (
				A551C57D2CFDC95A00DD79A3 /* Debug */,
				A551C57E2CFDC95A00DD79A3 /* Release */,
			);
			defaultConfigurationIsVisible = 0;
			defaultConfigurationName = Release;
		};
		A551C5892CFDC9CD00DD79A3 /* Build configuration list for PBXNativeTarget "RememberMeAppTesting" */ = {
			isa = XCConfigurationList;
			buildConfigurations = (
				A551C58A2CFDC9CD00DD79A3 /* Debug */,
				A551C58B2CFDC9CD00DD79A3 /* Release */,
			);
			defaultConfigurationIsVisible = 0;
			defaultConfigurationName = Release;
		};
		A5E3AAB22CFDA4F700AF44EF /* Build configuration list for PBXProject "RememberMeApp" */ = {
			isa = XCConfigurationList;
			buildConfigurations = (
				A5E3AAC32CFDA4F900AF44EF /* Debug */,
				A5E3AAC42CFDA4F900AF44EF /* Release */,
			);
			defaultConfigurationIsVisible = 0;
			defaultConfigurationName = Release;
		};
		A5E3AAC52CFDA4F900AF44EF /* Build configuration list for PBXNativeTarget "RememberMeApp" */ = {
			isa = XCConfigurationList;
			buildConfigurations = (
				A5E3AAC62CFDA4F900AF44EF /* Debug */,
				A5E3AAC72CFDA4F900AF44EF /* Release */,
			);
			defaultConfigurationIsVisible = 0;
			defaultConfigurationName = Release;
		};
/* End XCConfigurationList section */
	};
	rootObject = A5E3AAAF2CFDA4F700AF44EF /* Project object */;
}
